
Microsoft Visual Studio Solution File, Format Version 12.00
# Visual Studio Version 17
VisualStudioVersion = 17.11.35208.52
MinimumVisualStudioVersion = 10.0.40219.1
Project("{FAE04EC0-301F-11D3-BF4B-00C04F79EFBC}") = "MauricioMora-ExamenP2", "MauricioMora-ExamenP2\MauricioMora-ExamenP2.csproj", "{986FF96F-3B16-45A3-B652-035DE95B5D25}"
EndProject
Global
	GlobalSection(SolutionConfigurationPlatforms) = preSolution
		Debug|Any CPU = Debug|Any CPU
		Release|Any CPU = Release|Any CPU
	EndGlobalSection
	GlobalSection(ProjectConfigurationPlatforms) = postSolution
		{986FF96F-3B16-45A3-B652-035DE95B5D25}.Debug|Any CPU.ActiveCfg = Debug|Any CPU
		{986FF96F-3B16-45A3-B652-035DE95B5D25}.Debug|Any CPU.Build.0 = Debug|Any CPU
		{986FF96F-3B16-45A3-B652-035DE95B5D25}.Debug|Any CPU.Deploy.0 = Debug|Any CPU
		{986FF96F-3B16-45A3-B652-035DE95B5D25}.Release|Any CPU.ActiveCfg = Release|Any CPU
		{986FF96F-3B16-45A3-B652-035DE95B5D25}.Release|Any CPU.Build.0 = Release|Any CPU
		{986FF96F-3B16-45A3-B652-035DE95B5D25}.Release|Any CPU.Deploy.0 = Release|Any CPU
	EndGlobalSection
	GlobalSection(SolutionProperties) = preSolution
		HideSolutionNode = FALSE
	EndGlobalSection
	GlobalSection(ExtensibilityGlobals) = postSolution
		SolutionGuid = {3BB19E9C-33AD-4C0D-B7CE-90F3F4537095}
	EndGlobalSection
EndGlobal
